// !$*UTF8*$!
{
	archiveVersion = 1;
	classes = {
	};
	objectVersion = 46;
	objects = {

/* Begin PBXBuildFile section */
		1D091B0A19BC9AE600705DD2 /* AppDelegate.swift in Sources */ = {isa = PBXBuildFile; fileRef = 1D091B0919BC9AE600705DD2 /* AppDelegate.swift */; };
		1D091B0C19BC9AE600705DD2 /* ViewController.swift in Sources */ = {isa = PBXBuildFile; fileRef = 1D091B0B19BC9AE600705DD2 /* ViewController.swift */; };
		1D091B0F19BC9AE600705DD2 /* Main.storyboard in Resources */ = {isa = PBXBuildFile; fileRef = 1D091B0D19BC9AE600705DD2 /* Main.storyboard */; };
		1D091B1119BC9AE600705DD2 /* Images.xcassets in Resources */ = {isa = PBXBuildFile; fileRef = 1D091B1019BC9AE600705DD2 /* Images.xcassets */; };
		1D091B1D19BC9AE600705DD2 /* Unit3Lesson2_Fibo_OutletsActionsTests.swift in Sources */ = {isa = PBXBuildFile; fileRef = 1D091B1C19BC9AE600705DD2 /* Unit3Lesson2_Fibo_OutletsActionsTests.swift */; };
		1D091B2719BC9B2500705DD2 /* FibonacciModel.swift in Sources */ = {isa = PBXBuildFile; fileRef = 1D091B2619BC9B2500705DD2 /* FibonacciModel.swift */; };
/* End PBXBuildFile section */

/* Begin PBXContainerItemProxy section */
		1D091B1719BC9AE600705DD2 /* PBXContainerItemProxy */ = {
			isa = PBXContainerItemProxy;
			containerPortal = 1D091AFC19BC9AE600705DD2 /* Project object */;
			proxyType = 1;
			remoteGlobalIDString = 1D091B0319BC9AE600705DD2;
			remoteInfo = "Unit3Lesson2-Fibo-OutletsActions";
		};
/* End PBXContainerItemProxy section */

/* Begin PBXFileReference section */
		1D091B0419BC9AE600705DD2 /* Unit3Lesson2-Fibo-OutletsActions.app */ = {isa = PBXFileReference; explicitFileType = wrapper.application; includeInIndex = 0; path = "Unit3Lesson2-Fibo-OutletsActions.app"; sourceTree = BUILT_PRODUCTS_DIR; };
		1D091B0819BC9AE600705DD2 /* Info.plist */ = {isa = PBXFileReference; lastKnownFileType = text.plist.xml; path = Info.plist; sourceTree = "<group>"; };
		1D091B0919BC9AE600705DD2 /* AppDelegate.swift */ = {isa = PBXFileReference; lastKnownFileType = sourcecode.swift; path = AppDelegate.swift; sourceTree = "<group>"; };
		1D091B0B19BC9AE600705DD2 /* ViewController.swift */ = {isa = PBXFileReference; lastKnownFileType = sourcecode.swift; path = ViewController.swift; sourceTree = "<group>"; };
		1D091B0E19BC9AE600705DD2 /* Base */ = {isa = PBXFileReference; lastKnownFileType = file.storyboard; name = Base; path = Base.lproj/Main.storyboard; sourceTree = "<group>"; };
		1D091B1019BC9AE600705DD2 /* Images.xcassets */ = {isa = PBXFileReference; lastKnownFileType = folder.assetcatalog; path = Images.xcassets; sourceTree = "<group>"; };
		1D091B1619BC9AE600705DD2 /* Unit3Lesson2-Fibo-OutletsActionsTests.xctest */ = {isa = PBXFileReference; explicitFileType = wrapper.cfbundle; includeInIndex = 0; path = "Unit3Lesson2-Fibo-OutletsActionsTests.xctest"; sourceTree = BUILT_PRODUCTS_DIR; };
		1D091B1B19BC9AE600705DD2 /* Info.plist */ = {isa = PBXFileReference; lastKnownFileType = text.plist.xml; path = Info.plist; sourceTree = "<group>"; };
		1D091B1C19BC9AE600705DD2 /* Unit3Lesson2_Fibo_OutletsActionsTests.swift */ = {isa = PBXFileReference; lastKnownFileType = sourcecode.swift; path = Unit3Lesson2_Fibo_OutletsActionsTests.swift; sourceTree = "<group>"; };
		1D091B2619BC9B2500705DD2 /* FibonacciModel.swift */ = {isa = PBXFileReference; fileEncoding = 4; lastKnownFileType = sourcecode.swift; path = FibonacciModel.swift; sourceTree = "<group>"; };
/* End PBXFileReference section */

/* Begin PBXFrameworksBuildPhase section */
		1D091B0119BC9AE600705DD2 /* Frameworks */ = {
			isa = PBXFrameworksBuildPhase;
			buildActionMask = 2147483647;
			files = (
			);
			runOnlyForDeploymentPostprocessing = 0;
		};
		1D091B1319BC9AE600705DD2 /* Frameworks */ = {
			isa = PBXFrameworksBuildPhase;
			buildActionMask = 2147483647;
			files = (
			);
			runOnlyForDeploymentPostprocessing = 0;
		};
/* End PBXFrameworksBuildPhase section */

/* Begin PBXGroup section */
		1D091AFB19BC9AE600705DD2 = {
			isa = PBXGroup;
			children = (
				1D091B0619BC9AE600705DD2 /* Unit3Lesson2-Fibo-OutletsActions */,
				1D091B1919BC9AE600705DD2 /* Unit3Lesson2-Fibo-OutletsActionsTests */,
				1D091B0519BC9AE600705DD2 /* Products */,
			);
			sourceTree = "<group>";
		};
		1D091B0519BC9AE600705DD2 /* Products */ = {
			isa = PBXGroup;
			children = (
				1D091B0419BC9AE600705DD2 /* Unit3Lesson2-Fibo-OutletsActions.app */,
				1D091B1619BC9AE600705DD2 /* Unit3Lesson2-Fibo-OutletsActionsTests.xctest */,
			);
			name = Products;
			sourceTree = "<group>";
		};
		1D091B0619BC9AE600705DD2 /* Unit3Lesson2-Fibo-OutletsActions */ = {
			isa = PBXGroup;
			children = (
				1D091B0919BC9AE600705DD2 /* AppDelegate.swift */,
				1D091B2619BC9B2500705DD2 /* FibonacciModel.swift */,
				1D091B0B19BC9AE600705DD2 /* ViewController.swift */,
				1D091B0D19BC9AE600705DD2 /* Main.storyboard */,
				1D091B1019BC9AE600705DD2 /* Images.xcassets */,
				1D091B0719BC9AE600705DD2 /* Supporting Files */,
			);
			path = "Unit3Lesson2-Fibo-OutletsActions";
			sourceTree = "<group>";
		};
		1D091B0719BC9AE600705DD2 /* Supporting Files */ = {
			isa = PBXGroup;
			children = (
				1D091B0819BC9AE600705DD2 /* Info.plist */,
			);
			name = "Supporting Files";
			sourceTree = "<group>";
		};
		1D091B1919BC9AE600705DD2 /* Unit3Lesson2-Fibo-OutletsActionsTests */ = {
			isa = PBXGroup;
			children = (
				1D091B1C19BC9AE600705DD2 /* Unit3Lesson2_Fibo_OutletsActionsTests.swift */,
				1D091B1A19BC9AE600705DD2 /* Supporting Files */,
			);
			path = "Unit3Lesson2-Fibo-OutletsActionsTests";
			sourceTree = "<group>";
		};
		1D091B1A19BC9AE600705DD2 /* Supporting Files */ = {
			isa = PBXGroup;
			children = (
				1D091B1B19BC9AE600705DD2 /* Info.plist */,
			);
			name = "Supporting Files";
			sourceTree = "<group>";
		};
/* End PBXGroup section */

/* Begin PBXNativeTarget section */
		1D091B0319BC9AE600705DD2 /* Unit3Lesson2-Fibo-OutletsActions */ = {
			isa = PBXNativeTarget;
			buildConfigurationList = 1D091B2019BC9AE600705DD2 /* Build configuration list for PBXNativeTarget "Unit3Lesson2-Fibo-OutletsActions" */;
			buildPhases = (
				1D091B0019BC9AE600705DD2 /* Sources */,
				1D091B0119BC9AE600705DD2 /* Frameworks */,
				1D091B0219BC9AE600705DD2 /* Resources */,
			);
			buildRules = (
			);
			dependencies = (
			);
			name = "Unit3Lesson2-Fibo-OutletsActions";
			productName = "Unit3Lesson2-Fibo-OutletsActions";
			productReference = 1D091B0419BC9AE600705DD2 /* Unit3Lesson2-Fibo-OutletsActions.app */;
			productType = "com.apple.product-type.application";
		};
		1D091B1519BC9AE600705DD2 /* Unit3Lesson2-Fibo-OutletsActionsTests */ = {
			isa = PBXNativeTarget;
			buildConfigurationList = 1D091B2319BC9AE600705DD2 /* Build configuration list for PBXNativeTarget "Unit3Lesson2-Fibo-OutletsActionsTests" */;
			buildPhases = (
				1D091B1219BC9AE600705DD2 /* Sources */,
				1D091B1319BC9AE600705DD2 /* Frameworks */,
				1D091B1419BC9AE600705DD2 /* Resources */,
			);
			buildRules = (
			);
			dependencies = (
				1D091B1819BC9AE600705DD2 /* PBXTargetDependency */,
			);
			name = "Unit3Lesson2-Fibo-OutletsActionsTests";
			productName = "Unit3Lesson2-Fibo-OutletsActionsTests";
			productReference = 1D091B1619BC9AE600705DD2 /* Unit3Lesson2-Fibo-OutletsActionsTests.xctest */;
			productType = "com.apple.product-type.bundle.unit-test";
		};
/* End PBXNativeTarget section */

/* Begin PBXProject section */
		1D091AFC19BC9AE600705DD2 /* Project object */ = {
			isa = PBXProject;
			attributes = {
				LastUpgradeCheck = 0600;
				ORGANIZATIONNAME = "Rick Bowen";
				TargetAttributes = {
					1D091B0319BC9AE600705DD2 = {
						CreatedOnToolsVersion = 6.0;
					};
					1D091B1519BC9AE600705DD2 = {
						CreatedOnToolsVersion = 6.0;
						TestTargetID = 1D091B0319BC9AE600705DD2;
					};
				};
			};
			buildConfigurationList = 1D091AFF19BC9AE600705DD2 /* Build configuration list for PBXProject "Unit3Lesson2-Fibo-OutletsActions" */;
			compatibilityVersion = "Xcode 3.2";
			developmentRegion = English;
			hasScannedForEncodings = 0;
			knownRegions = (
				en,
				Base,
			);
			mainGroup = 1D091AFB19BC9AE600705DD2;
			productRefGroup = 1D091B0519BC9AE600705DD2 /* Products */;
			projectDirPath = "";
			projectRoot = "";
			targets = (
				1D091B0319BC9AE600705DD2 /* Unit3Lesson2-Fibo-OutletsActions */,
				1D091B1519BC9AE600705DD2 /* Unit3Lesson2-Fibo-OutletsActionsTests */,
			);
		};
/* End PBXProject section */

/* Begin PBXResourcesBuildPhase section */
		1D091B0219BC9AE600705DD2 /* Resources */ = {
			isa = PBXResourcesBuildPhase;
			buildActionMask = 2147483647;
			files = (
				1D091B0F19BC9AE600705DD2 /* Main.storyboard in Resources */,
				1D091B1119BC9AE600705DD2 /* Images.xcassets in Resources */,
			);
			runOnlyForDeploymentPostprocessing = 0;
		};
		1D091B1419BC9AE600705DD2 /* Resources */ = {
			isa = PBXResourcesBuildPhase;
			buildActionMask = 2147483647;
			files = (
			);
			runOnlyForDeploymentPostprocessing = 0;
		};
/* End PBXResourcesBuildPhase section */

/* Begin PBXSourcesBuildPhase section */
		1D091B0019BC9AE600705DD2 /* Sources */ = {
			isa = PBXSourcesBuildPhase;
			buildActionMask = 2147483647;
			files = (
				1D091B2719BC9B2500705DD2 /* FibonacciModel.swift in Sources */,
				1D091B0C19BC9AE600705DD2 /* ViewController.swift in Sources */,
				1D091B0A19BC9AE600705DD2 /* AppDelegate.swift in Sources */,
			);
			runOnlyForDeploymentPostprocessing = 0;
		};
		1D091B1219BC9AE600705DD2 /* Sources */ = {
			isa = PBXSourcesBuildPhase;
			buildActionMask = 2147483647;
			files = (
				1D091B1D19BC9AE600705DD2 /* Unit3Lesson2_Fibo_OutletsActionsTests.swift in Sources */,
			);
			runOnlyForDeploymentPostprocessing = 0;
		};
/* End PBXSourcesBuildPhase section */

/* Begin PBXTargetDependency section */
		1D091B1819BC9AE600705DD2 /* PBXTargetDependency */ = {
			isa = PBXTargetDependency;
			target = 1D091B0319BC9AE600705DD2 /* Unit3Lesson2-Fibo-OutletsActions */;
			targetProxy = 1D091B1719BC9AE600705DD2 /* PBXContainerItemProxy */;
		};
/* End PBXTargetDependency section */

/* Begin PBXVariantGroup section */
		1D091B0D19BC9AE600705DD2 /* Main.storyboard */ = {
			isa = PBXVariantGroup;
			children = (
				1D091B0E19BC9AE600705DD2 /* Base */,
			);
			name = Main.storyboard;
			sourceTree = "<group>";
		};
/* End PBXVariantGroup section */

/* Begin XCBuildConfiguration section */
		1D091B1E19BC9AE600705DD2 /* Debug */ = {
			isa = XCBuildConfiguration;
			buildSettings = {
				ALWAYS_SEARCH_USER_PATHS = NO;
				CLANG_CXX_LANGUAGE_STANDARD = "gnu++0x";
				CLANG_CXX_LIBRARY = "libc++";
				CLANG_ENABLE_MODULES = YES;
				CLANG_ENABLE_OBJC_ARC = YES;
				CLANG_WARN_BOOL_CONVERSION = YES;
				CLANG_WARN_CONSTANT_CONVERSION = YES;
				CLANG_WARN_DIRECT_OBJC_ISA_USAGE = YES_ERROR;
				CLANG_WARN_EMPTY_BODY = YES;
				CLANG_WARN_ENUM_CONVERSION = YES;
				CLANG_WARN_INT_CONVERSION = YES;
				CLANG_WARN_OBJC_ROOT_CLASS = YES_ERROR;
				CLANG_WARN_UNREACHABLE_CODE = YES;
				CLANG_WARN__DUPLICATE_METHOD_MATCH = YES;
				"CODE_SIGN_IDENTITY[sdk=iphoneos*]" = "iPhone Developer";
				COPY_PHASE_STRIP = NO;
				ENABLE_STRICT_OBJC_MSGSEND = YES;
				GCC_C_LANGUAGE_STANDARD = gnu99;
				GCC_DYNAMIC_NO_PIC = NO;
				GCC_OPTIMIZATION_LEVEL = 0;
				GCC_PREPROCESSOR_DEFINITIONS = (
					"DEBUG=1",
					"$(inherited)",
				);
				GCC_SYMBOLS_PRIVATE_EXTERN = NO;
				GCC_WARN_64_TO_32_BIT_CONVERSION = YES;
				GCC_WARN_ABOUT_RETURN_TYPE = YES_ERROR;
				GCC_WARN_UNDECLARED_SELECTOR = YES;
				GCC_WARN_UNINITIALIZED_AUTOS = YES_AGGRESSIVE;
				GCC_WARN_UNUSED_FUNCTION = YES;
				GCC_WARN_UNUSED_VARIABLE = YES;
				IPHONEOS_DEPLOYMENT_TARGET = 8.0;
				MTL_ENABLE_DEBUG_INFO = YES;
				ONLY_ACTIVE_ARCH = YES;
				SDKROOT = iphoneos;
				SWIFT_OPTIMIZATION_LEVEL = "-Onone";
			};
			name = Debug;
		};
		1D091B1F19BC9AE600705DD2 /* Release */ = {
			isa = XCBuildConfiguration;
			buildSettings = {
				ALWAYS_SEARCH_USER_PATHS = NO;
				CLANG_CXX_LANGUAGE_STANDARD = "gnu++0x";
				CLANG_CXX_LIBRARY = "libc++";
				CLANG_ENABLE_MODULES = YES;
				CLANG_ENABLE_OBJC_ARC = YES;
				CLANG_WARN_BOOL_CONVERSION = YES;
				CLANG_WARN_CONSTANT_CONVERSION = YES;
				CLANG_WARN_DIRECT_OBJC_ISA_USAGE = YES_ERROR;
				CLANG_WARN_EMPTY_BODY = YES;
				CLANG_WARN_ENUM_CONVERSION = YES;
				CLANG_WARN_INT_CONVERSION = YES;
				CLANG_WARN_OBJC_ROOT_CLASS = YES_ERROR;
				CLANG_WARN_UNREACHABLE_CODE = YES;
				CLANG_WARN__DUPLICATE_METHOD_MATCH = YES;
				"CODE_SIGN_IDENTITY[sdk=iphoneos*]" = "iPhone Developer";
				COPY_PHASE_STRIP = YES;
				ENABLE_NS_ASSERTIONS = NO;
				ENABLE_STRICT_OBJC_MSGSEND = YES;
				GCC_C_LANGUAGE_STANDARD = gnu99;
				GCC_WARN_64_TO_32_BIT_CONVERSION = YES;
				GCC_WARN_ABOUT_RETURN_TYPE = YES_ERROR;
				GCC_WARN_UNDECLARED_SELECTOR = YES;
				GCC_WARN_UNINITIALIZED_AUTOS = YES_AGGRESSIVE;
				GCC_WARN_UNUSED_FUNCTION = YES;
				GCC_WARN_UNUSED_VARIABLE = YES;
				IPHONEOS_DEPLOYMENT_TARGET = 8.0;
				MTL_ENABLE_DEBUG_INFO = NO;
				SDKROOT = iphoneos;
				VALIDATE_PRODUCT = YES;
			};
			name = Release;
		};
		1D091B2119BC9AE600705DD2 /* Debug */ = {
			isa = XCBuildConfiguration;
			buildSettings = {
				ASSETCATALOG_COMPILER_APPICON_NAME = AppIcon;
				ASSETCATALOG_COMPILER_LAUNCHIMAGE_NAME = LaunchImage;
				INFOPLIST_FILE = "Unit3Lesson2-Fibo-OutletsActions/Info.plist";
				LD_RUNPATH_SEARCH_PATHS = "$(inherited) @executable_path/Frameworks";
				PRODUCT_NAME = "$(TARGET_NAME)";
			};
			name = Debug;
		};
		1D091B2219BC9AE600705DD2 /* Release */ = {
			isa = XCBuildConfiguration;
			buildSettings = {
				ASSETCATALOG_COMPILER_APPICON_NAME = AppIcon;
				ASSETCATALOG_COMPILER_LAUNCHIMAGE_NAME = LaunchImage;
				INFOPLIST_FILE = "Unit3Lesson2-Fibo-OutletsActions/Info.plist";
				LD_RUNPATH_SEARCH_PATHS = "$(inherited) @executable_path/Frameworks";
				PRODUCT_NAME = "$(TARGET_NAME)";
			};
			name = Release;
		};
		1D091B2419BC9AE600705DD2 /* Debug */ = {
			isa = XCBuildConfiguration;
			buildSettings = {
				BUNDLE_LOADER = "$(TEST_HOST)";
				FRAMEWORK_SEARCH_PATHS = (
					"$(SDKROOT)/Developer/Library/Frameworks",
					"$(inherited)",
				);
				GCC_PREPROCESSOR_DEFINITIONS = (
					"DEBUG=1",
					"$(inherited)",
				);
				INFOPLIST_FILE = "Unit3Lesson2-Fibo-OutletsActionsTests/Info.plist";
				LD_RUNPATH_SEARCH_PATHS = "$(inherited) @executable_path/Frameworks @loader_path/Frameworks";
				PRODUCT_NAME = "$(TARGET_NAME)";
				TEST_HOST = "$(BUILT_PRODUCTS_DIR)/Unit3Lesson2-Fibo-OutletsActions.app/Unit3Lesson2-Fibo-OutletsActions";
			};
			name = Debug;
		};
		1D091B2519BC9AE600705DD2 /* Release */ = {
			isa = XCBuildConfiguration;
			buildSettings = {
				BUNDLE_LOADER = "$(TEST_HOST)";
				FRAMEWORK_SEARCH_PATHS = (
					"$(SDKROOT)/Developer/Library/Frameworks",
					"$(inherited)",
				);
				INFOPLIST_FILE = "Unit3Lesson2-Fibo-OutletsActionsTests/Info.plist";
				LD_RUNPATH_SEARCH_PATHS = "$(inherited) @executable_path/Frameworks @loader_path/Frameworks";
				PRODUCT_NAME = "$(TARGET_NAME)";
				TEST_HOST = "$(BUILT_PRODUCTS_DIR)/Unit3Lesson2-Fibo-OutletsActions.app/Unit3Lesson2-Fibo-OutletsActions";
			};
			name = Release;
		};
/* End XCBuildConfiguration section */

/* Begin XCConfigurationList section */
		1D091AFF19BC9AE600705DD2 /* Build configuration list for PBXProject "Unit3Lesson2-Fibo-OutletsActions" */ = {
			isa = XCConfigurationList;
			buildConfigurations = (
				1D091B1E19BC9AE600705DD2 /* Debug */,
				1D091B1F19BC9AE600705DD2 /* Release */,
			);
			defaultConfigurationIsVisible = 0;
			defaultConfigurationName = Release;
		};
		1D091B2019BC9AE600705DD2 /* Build configuration list for PBXNativeTarget "Unit3Lesson2-Fibo-OutletsActions" */ = {
			isa = XCConfigurationList;
			buildConfigurations = (
				1D091B2119BC9AE600705DD2 /* Debug */,
				1D091B2219BC9AE600705DD2 /* Release */,
			);
			defaultConfigurationIsVisible = 0;
		};
		1D091B2319BC9AE600705DD2 /* Build configuration list for PBXNativeTarget "Unit3Lesson2-Fibo-OutletsActionsTests" */ = {
			isa = XCConfigurationList;
			buildConfigurations = (
				1D091B2419BC9AE600705DD2 /* Debug */,
				1D091B2519BC9AE600705DD2 /* Release */,
			);
			defaultConfigurationIsVisible = 0;
		};
/* End XCConfigurationList section */
	};
	rootObject = 1D091AFC19BC9AE600705DD2 /* Project object */;
}
